<?xml version="1.0" encoding="utf-8"?>
<Project ToolsVersion="4.0" xmlns="http://schemas.microsoft.com/developer/msbuild/2003">
  <ItemGroup>
    <Filter Include="Source Files">
      <UniqueIdentifier>{4FC737F1-C7A5-4376-A066-2A32D752A2FF}</UniqueIdentifier>
      <Extensions>cpp;c;cc;cxx;def;odl;idl;hpj;bat;asm;asmx</Extensions>
    </Filter>
    <Filter Include="Header Files">
      <UniqueIdentifier>{93995380-89BD-4b04-88EB-625FBE52EBFB}</UniqueIdentifier>
      <Extensions>h;hpp;hxx;hm;inl;inc;xsd</Extensions>
    </Filter>
    <Filter Include="Resource Files">
      <UniqueIdentifier>{67DA6AB6-F800-4c08-8B7A-83BB121AAD01}</UniqueIdentifier>
      <Extensions>rc;ico;cur;bmp;dlg;rc2;rct;bin;rgs;gif;jpg;jpeg;jpe;resx;tiff;tif;png;wav</Extensions>
    </Filter>
  </ItemGroup>
  <ItemGroup>
    <ClCompile Include="AboutDlg.cpp">
      <Filter>Source Files</Filter>
    </ClCompile>
    <ClCompile Include="ButtonBar.cpp">
      <Filter>Source Files</Filter>
    </ClCompile>
    <ClCompile Include="ChooseDlg.cpp">
      <Filter>Source Files</Filter>
    </ClCompile>
    <ClCompile Include="ClockDlg.cpp">
      <Filter>Source Files</Filter>
    </ClCompile>
    <ClCompile Include="GenDll.cpp">
      <Filter>Source Files</Filter>
    </ClCompile>
    <ClCompile Include="GenListBox.cpp">
      <Filter>Source Files</Filter>
    </ClCompile>
    <ClCompile Include="GenListCtrl.cpp">
      <Filter>Source Files</Filter>
    </ClCompile>
    <ClCompile Include="GenListItem.cpp">
      <Filter>Source Files</Filter>
    </ClCompile>
    <ClCompile Include="GenRichEditCtrl.cpp">
      <Filter>Source Files</Filter>
    </ClCompile>
    <ClCompile Include="HeaderSide.cpp">
      <Filter>Source Files</Filter>
    </ClCompile>
    <ClCompile Include="HyperLink.cpp">
      <Filter>Source Files</Filter>
    </ClCompile>
    <ClCompile Include="ListSide.cpp">
      <Filter>Source Files</Filter>
    </ClCompile>
    <ClCompile Include="LyricsDlg.cpp">
      <Filter>Source Files</Filter>
    </ClCompile>
    <ClCompile Include="LyricsEditorDlg.cpp">
      <Filter>Source Files</Filter>
    </ClCompile>
    <ClCompile Include="RepetitionDlg.cpp">
      <Filter>Source Files</Filter>
    </ClCompile>
    <ClCompile Include="SongDetDlg.cpp">
      <Filter>Source Files</Filter>
    </ClCompile>
    <ClCompile Include="StatusEditorDlg.cpp">
      <Filter>Source Files</Filter>
    </ClCompile>
  </ItemGroup>
  <ItemGroup>
    <ClInclude Include="AboutDlg.h">
      <Filter>Header Files</Filter>
    </ClInclude>
    <ClInclude Include="ButtonBar.h">
      <Filter>Header Files</Filter>
    </ClInclude>
    <ClInclude Include="ChooseDlg.h">
      <Filter>Header Files</Filter>
    </ClInclude>
    <ClInclude Include="ClockDlg.h">
      <Filter>Header Files</Filter>
    </ClInclude>
    <ClInclude Include="GenDll.h">
      <Filter>Header Files</Filter>
    </ClInclude>
    <ClInclude Include="GenListBox.h">
      <Filter>Header Files</Filter>
    </ClInclude>
    <ClInclude Include="GenListCtrl.h">
      <Filter>Header Files</Filter>
    </ClInclude>
    <ClInclude Include="GenListItem.h">
      <Filter>Header Files</Filter>
    </ClInclude>
    <ClInclude Include="GenRichEditCtrl.h">
      <Filter>Header Files</Filter>
    </ClInclude>
    <ClInclude Include="HeaderSide.h">
      <Filter>Header Files</Filter>
    </ClInclude>
    <ClInclude Include="HyperLink.h">
      <Filter>Header Files</Filter>
    </ClInclude>
    <ClInclude Include="ListSide.h">
      <Filter>Header Files</Filter>
    </ClInclude>
    <ClInclude Include="LyricsDlg.h">
      <Filter>Header Files</Filter>
    </ClInclude>
    <ClInclude Include="LyricsEditorDlg.h">
      <Filter>Header Files</Filter>
    </ClInclude>
    <ClInclude Include="RepetitionDlg.h">
      <Filter>Header Files</Filter>
    </ClInclude>
    <ClInclude Include="resource.h">
      <Filter>Header Files</Filter>
    </ClInclude>
    <ClInclude Include="SongDetDlg.h">
      <Filter>Header Files</Filter>
    </ClInclude>
    <ClInclude Include="StatusEditorDlg.h">
      <Filter>Header Files</Filter>
    </ClInclude>
    <ClInclude Include="Tools.h">
      <Filter>Header Files</Filter>
    </ClInclude>
  </ItemGroup>
  <ItemGroup>
    <None Include="fback.bmp">
      <Filter>Resource Files</Filter>
    </None>
    <None Include="fback2.bmp">
      <Filter>Resource Files</Filter>
    </None>
    <None Include="ffar.bmp">
      <Filter>Resource Files</Filter>
    </None>
    <None Include="ffar2.bmp">
      <Filter>Resource Files</Filter>
    </None>
    <None Include="myFace.bmp">
      <Filter>Resource Files</Filter>
    </None>
    <None Include="normal.bmp">
      <Filter>Resource Files</Filter>
    </None>
    <None Include="pause.bmp">
      <Filter>Resource Files</Filter>
    </None>
    <None Include="pause2.bmp">
      <Filter>Resource Files</Filter>
    </None>
    <None Include="play.bmp">
      <Filter>Resource Files</Filter>
    </None>
    <None Include="play2.bmp">
      <Filter>Resource Files</Filter>
    </None>
    <None Include="pushed.bmp">
      <Filter>Resource Files</Filter>
    </None>
    <None Include="static.bmp">
      <Filter>Resource Files</Filter>
    </None>
    <None Include="staticsel.bmp">
      <Filter>Resource Files</Filter>
    </None>
    <None Include="stop.bmp">
      <Filter>Resource Files</Filter>
    </None>
    <None Include="stop2.bmp">
      <Filter>Resource Files</Filter>
    </None>
    <None Include="Winamp.bmp">
      <Filter>Resource Files</Filter>
    </None>
    <None Include="Y!M.bmp">
      <Filter>Resource Files</Filter>
    </None>
    <None Include="Yahoo.ico">
      <Filter>Resource Files</Filter>
    </None>
    <None Include="Yahoo2.bmp">
      <Filter>Resource Files</Filter>
    </None>
  </ItemGroup>
  <ItemGroup>
    <ResourceCompile Include="gen_YM10.rc">
      <Filter>Resource Files</Filter>
    </ResourceCompile>
  </ItemGroup>
</Project>